
Microsoft Visual Studio Solution File, Format Version 12.00
# Visual Studio Version 17
VisualStudioVersion = 17.1.32319.34
MinimumVisualStudioVersion = 10.0.40219.1
Project("{FAE04EC0-301F-11D3-BF4B-00C04F79EFBC}") = "Presentacion", "Presentacion\Presentacion.csproj", "{BBBB6145-44BB-4ECD-A88C-DEA890A216BD}"
EndProject
Project("{FAE04EC0-301F-11D3-BF4B-00C04F79EFBC}") = "Negocio", "Negocio\Negocio.csproj", "{59FD8C45-F1D8-43DB-A9E5-C1D5C0CE4E1F}"
EndProject
Project("{FAE04EC0-301F-11D3-BF4B-00C04F79EFBC}") = "Datos", "Datos\Datos.csproj", "{F12217AD-8788-4739-ADF4-FEB3547E5EE0}"
EndProject
Project("{2150E333-8FDC-42A3-9474-1A3956D46DE8}") = "Proyecto 2", "Proyecto 2", "{40238DCF-25C0-422D-A03C-B5D99AB4C268}"
EndProject
Global
	GlobalSection(SolutionConfigurationPlatforms) = preSolution
		Debug|Any CPU = Debug|Any CPU
		Release|Any CPU = Release|Any CPU
	EndGlobalSection
	GlobalSection(ProjectConfigurationPlatforms) = postSolution
		{BBBB6145-44BB-4ECD-A88C-DEA890A216BD}.Debug|Any CPU.ActiveCfg = Debug|Any CPU
		{BBBB6145-44BB-4ECD-A88C-DEA890A216BD}.Debug|Any CPU.Build.0 = Debug|Any CPU
		{BBBB6145-44BB-4ECD-A88C-DEA890A216BD}.Release|Any CPU.ActiveCfg = Release|Any CPU
		{BBBB6145-44BB-4ECD-A88C-DEA890A216BD}.Release|Any CPU.Build.0 = Release|Any CPU
		{59FD8C45-F1D8-43DB-A9E5-C1D5C0CE4E1F}.Debug|Any CPU.ActiveCfg = Debug|Any CPU
		{59FD8C45-F1D8-43DB-A9E5-C1D5C0CE4E1F}.Debug|Any CPU.Build.0 = Debug|Any CPU
		{59FD8C45-F1D8-43DB-A9E5-C1D5C0CE4E1F}.Release|Any CPU.ActiveCfg = Release|Any CPU
		{59FD8C45-F1D8-43DB-A9E5-C1D5C0CE4E1F}.Release|Any CPU.Build.0 = Release|Any CPU
		{F12217AD-8788-4739-ADF4-FEB3547E5EE0}.Debug|Any CPU.ActiveCfg = Debug|Any CPU
		{F12217AD-8788-4739-ADF4-FEB3547E5EE0}.Debug|Any CPU.Build.0 = Debug|Any CPU
		{F12217AD-8788-4739-ADF4-FEB3547E5EE0}.Release|Any CPU.ActiveCfg = Release|Any CPU
		{F12217AD-8788-4739-ADF4-FEB3547E5EE0}.Release|Any CPU.Build.0 = Release|Any CPU
	EndGlobalSection
	GlobalSection(SolutionProperties) = preSolution
		HideSolutionNode = FALSE
	EndGlobalSection
	GlobalSection(NestedProjects) = preSolution
		{BBBB6145-44BB-4ECD-A88C-DEA890A216BD} = {40238DCF-25C0-422D-A03C-B5D99AB4C268}
		{59FD8C45-F1D8-43DB-A9E5-C1D5C0CE4E1F} = {40238DCF-25C0-422D-A03C-B5D99AB4C268}
		{F12217AD-8788-4739-ADF4-FEB3547E5EE0} = {40238DCF-25C0-422D-A03C-B5D99AB4C268}
	EndGlobalSection
	GlobalSection(ExtensibilityGlobals) = postSolution
		SolutionGuid = {FFD19A66-F195-4DD7-8509-28F05C40AB8E}
	EndGlobalSection
EndGlobal
